github.com/ZoneCNH/decimalx v1.0.0 h1:gZddbc8H/eRIm4WFqgKUNjXd3DOvph6nlcQiUFgwCf8=
github.com/ZoneCNH/decimalx v1.0.0/go.mod h1:8mt28dKHNeHTa5tH6y53k6u/y4eI7iIB36mywrDLBbs=
github.com/ZoneCNH/domain-market v1.1.0 h1:uTQ8a8mCSA3Mozz47g9TIjkIdP/bGNEVN+wUvvx5S5Y=
github.com/ZoneCNH/domain-market v1.1.0/go.mod h1:3OUsrbumyFjZFUemnFDu//UFJM2QMBLbR+W7VekBfXs=
github.com/ZoneCNH/kafkax v1.0.2 h1:thcYVf0HAQa6+LSOPiIuOs7Kee3gj2Oo758wsASyk8I=
github.com/ZoneCNH/kafkax v1.0.2/go.mod h1:wKAClXYRx796Y9ONfecdM4kp2p/Oo9pukWK/n17mAA4=
github.com/ZoneCNH/taosx v1.0.1 h1:KSf3cTwxZxVsYveVfpO+cOOwmjjtKEEK2SSokdxjYLA=
github.com/ZoneCNH/taosx v1.0.1/go.mod h1:3q4BtLDTYpGGx1bnCb9u4mBYxU0TSeNWt42bgWPCYIQ=
github.com/google/uuid v1.6.0 h1:NIvaJDMOsjHA8n1jAhLSgzrAzy1Hgr+hNrb57e+94F0=
github.com/google/uuid v1.6.0/go.mod h1:TIyPZe4MgqvfeYDBFedMoGGpEw/LqOeaOT+nhxU+yHo=
github.com/gorilla/websocket v1.5.0 h1:PPwGk2jz7EePpoHN/+ClbZu8SPxiqlu12wZP/3sWmnc=
github.com/gorilla/websocket v1.5.0/go.mod h1:YR8l580nyteQvAITg2hZ9XVh4b55+EU/adAjf1fMHhE=
github.com/json-iterator/go v1.1.12 h1:PV8peI4a0ysnczrg+LtxykD8LfKY9ML6u2jnxaEnrnM=
github.com/json-iterator/go v1.1.12/go.mod h1:e30LSqwooZae/UwlEbR2852Gd8hjQvJoHmT4TnhNGBo=
github.com/modern-go/concurrent v0.0.0-20180228061459-e0a39a4cb421 h1:ZqeYNhU3OHLH3mGKHDcjJRFFRrJa6eAM5H+CtDdOsPc=
github.com/modern-go/concurrent v0.0.0-20180228061459-e0a39a4cb421/go.mod h1:6dJC0mAP4ikYIbvyc7fijjWJddQyLn8Ig3JB5CqoB9Q=
github.com/modern-go/reflect2 v1.0.2 h1:xBagoLtFs94CBntxluKeaWgTMpvLxC4ur3nMaC9Gz0M=
github.com/modern-go/reflect2 v1.0.2/go.mod h1:yWuevngMOJpCy52FWWMvUC8ws7m/LJsjYzDa0/r8luk=
github.com/taosdata/driver-go/v3 v3.8.0 h1:qY1xFidspISuuZc0TAbeJWMtAdKJOSYQOXfepkUK6fI=
github.com/taosdata/driver-go/v3 v3.8.0/go.mod h1:S6OGOinfR0xxxaMGsvBi9cLkYxEIW1p6qqr8QJATTlg=
