github.com/ZoneCNH/decimalx v1.0.0 h1:ZJQhm3S7/878auJ6Myl7fg0MzDo+sPvkLakhRD/JCnc=
github.com/ZoneCNH/decimalx v1.0.0/go.mod h1:8mt28dKHNeHTa5tH6y53k6u/y4eI7iIB36mywrDLBbs=
github.com/ZoneCNH/domain-market v1.1.0 h1:uTQ8a8mCSA3Mozz47g9TIjkIdP/bGNEVN+wUvvx5S5Y=
github.com/ZoneCNH/domain-market v1.1.0/go.mod h1:3OUsrbumyFjZFUemnFDu//UFJM2QMBLbR+W7VekBfXs=
